
Microsoft Visual Studio Solution File, Format Version 12.00
# Visual Studio Version 16
VisualStudioVersion = 16.0.30330.147
MinimumVisualStudioVersion = 10.0.40219.1
Project("{FAE04EC0-301F-11D3-BF4B-00C04F79EFBC}") = "Test_from_CBT_AspNet", "Test_from_CBT_AspNet\Test_from_CBT_AspNet.csproj", "{C85E9D75-F8A1-4EE2-852A-9AA9DA3A7543}"
EndProject
Global
	GlobalSection(SolutionConfigurationPlatforms) = preSolution
		Debug|Any CPU = Debug|Any CPU
		Release|Any CPU = Release|Any CPU
	EndGlobalSection
	GlobalSection(ProjectConfigurationPlatforms) = postSolution
		{C85E9D75-F8A1-4EE2-852A-9AA9DA3A7543}.Debug|Any CPU.ActiveCfg = Debug|Any CPU
		{C85E9D75-F8A1-4EE2-852A-9AA9DA3A7543}.Debug|Any CPU.Build.0 = Debug|Any CPU
		{C85E9D75-F8A1-4EE2-852A-9AA9DA3A7543}.Release|Any CPU.ActiveCfg = Release|Any CPU
		{C85E9D75-F8A1-4EE2-852A-9AA9DA3A7543}.Release|Any CPU.Build.0 = Release|Any CPU
	EndGlobalSection
	GlobalSection(SolutionProperties) = preSolution
		HideSolutionNode = FALSE
	EndGlobalSection
	GlobalSection(ExtensibilityGlobals) = postSolution
		SolutionGuid = {E08796AC-4253-4B1A-9DEA-525478DC592E}
	EndGlobalSection
EndGlobal
